// !$*UTF8*$!
{
	archiveVersion = 1;
	classes = {
	};
	objectVersion = 50;
	objects = {

/* Begin PBXBuildFile section */
		89164E842180F36A0074E4BC /* UserNotifications.framework in Frameworks */ = {isa = PBXBuildFile; fileRef = 89164E832180F36A0074E4BC /* UserNotifications.framework */; };
		89164E862180F36A0074E4BC /* UserNotificationsUI.framework in Frameworks */ = {isa = PBXBuildFile; fileRef = 89164E852180F36A0074E4BC /* UserNotificationsUI.framework */; };
		89164E892180F36A0074E4BC /* NotificationViewController.swift in Sources */ = {isa = PBXBuildFile; fileRef = 89164E882180F36A0074E4BC /* NotificationViewController.swift */; };
		89164E8C2180F36A0074E4BC /* MainInterface.storyboard in Resources */ = {isa = PBXBuildFile; fileRef = 89164E8A2180F36A0074E4BC /* MainInterface.storyboard */; };
		89164E902180F36A0074E4BC /* VisitNotification.appex in Embed App Extensions */ = {isa = PBXBuildFile; fileRef = 89164E812180F36A0074E4BC /* VisitNotification.appex */; settings = {ATTRIBUTES = (RemoveHeadersOnCopy, ); }; };
		89B34A00217F6BB200DD0B2E /* AppDelegate.swift in Sources */ = {isa = PBXBuildFile; fileRef = 89B349FF217F6BB200DD0B2E /* AppDelegate.swift */; };
		89B34A02217F6BB200DD0B2E /* ViewController.swift in Sources */ = {isa = PBXBuildFile; fileRef = 89B34A01217F6BB200DD0B2E /* ViewController.swift */; };
		89B34A05217F6BB200DD0B2E /* Main.storyboard in Resources */ = {isa = PBXBuildFile; fileRef = 89B34A03217F6BB200DD0B2E /* Main.storyboard */; };
		89B34A07217F6BB300DD0B2E /* Assets.xcassets in Resources */ = {isa = PBXBuildFile; fileRef = 89B34A06217F6BB300DD0B2E /* Assets.xcassets */; };
		89B34A0A217F6BB300DD0B2E /* LaunchScreen.storyboard in Resources */ = {isa = PBXBuildFile; fileRef = 89B34A08217F6BB300DD0B2E /* LaunchScreen.storyboard */; };
/* End PBXBuildFile section */

/* Begin PBXContainerItemProxy section */
		89164E8E2180F36A0074E4BC /* PBXContainerItemProxy */ = {
			isa = PBXContainerItemProxy;
			containerPortal = 89B349F4217F6BB200DD0B2E /* Project object */;
			proxyType = 1;
			remoteGlobalIDString = 89164E802180F36A0074E4BC;
			remoteInfo = VisitNotification;
		};
/* End PBXContainerItemProxy section */

/* Begin PBXCopyFilesBuildPhase section */
		89164E942180F36A0074E4BC /* Embed App Extensions */ = {
			isa = PBXCopyFilesBuildPhase;
			buildActionMask = 2147483647;
			dstPath = "";
			dstSubfolderSpec = 13;
			files = (
				89164E902180F36A0074E4BC /* VisitNotification.appex in Embed App Extensions */,
			);
			name = "Embed App Extensions";
			runOnlyForDeploymentPostprocessing = 0;
		};
/* End PBXCopyFilesBuildPhase section */

/* Begin PBXFileReference section */
		89164E812180F36A0074E4BC /* VisitNotification.appex */ = {isa = PBXFileReference; explicitFileType = "wrapper.app-extension"; includeInIndex = 0; path = VisitNotification.appex; sourceTree = BUILT_PRODUCTS_DIR; };
		89164E832180F36A0074E4BC /* UserNotifications.framework */ = {isa = PBXFileReference; lastKnownFileType = wrapper.framework; name = UserNotifications.framework; path = System/Library/Frameworks/UserNotifications.framework; sourceTree = SDKROOT; };
		89164E852180F36A0074E4BC /* UserNotificationsUI.framework */ = {isa = PBXFileReference; lastKnownFileType = wrapper.framework; name = UserNotificationsUI.framework; path = System/Library/Frameworks/UserNotificationsUI.framework; sourceTree = SDKROOT; };
		89164E882180F36A0074E4BC /* NotificationViewController.swift */ = {isa = PBXFileReference; lastKnownFileType = sourcecode.swift; path = NotificationViewController.swift; sourceTree = "<group>"; };
		89164E8B2180F36A0074E4BC /* Base */ = {isa = PBXFileReference; lastKnownFileType = file.storyboard; name = Base; path = Base.lproj/MainInterface.storyboard; sourceTree = "<group>"; };
		89164E8D2180F36A0074E4BC /* Info.plist */ = {isa = PBXFileReference; lastKnownFileType = text.plist.xml; path = Info.plist; sourceTree = "<group>"; };
		89B349FC217F6BB200DD0B2E /* Visit.app */ = {isa = PBXFileReference; explicitFileType = wrapper.application; includeInIndex = 0; path = Visit.app; sourceTree = BUILT_PRODUCTS_DIR; };
		89B349FF217F6BB200DD0B2E /* AppDelegate.swift */ = {isa = PBXFileReference; lastKnownFileType = sourcecode.swift; path = AppDelegate.swift; sourceTree = "<group>"; };
		89B34A01217F6BB200DD0B2E /* ViewController.swift */ = {isa = PBXFileReference; lastKnownFileType = sourcecode.swift; path = ViewController.swift; sourceTree = "<group>"; };
		89B34A04217F6BB200DD0B2E /* Base */ = {isa = PBXFileReference; lastKnownFileType = file.storyboard; name = Base; path = Base.lproj/Main.storyboard; sourceTree = "<group>"; };
		89B34A06217F6BB300DD0B2E /* Assets.xcassets */ = {isa = PBXFileReference; lastKnownFileType = folder.assetcatalog; path = Assets.xcassets; sourceTree = "<group>"; };
		89B34A09217F6BB300DD0B2E /* Base */ = {isa = PBXFileReference; lastKnownFileType = file.storyboard; name = Base; path = Base.lproj/LaunchScreen.storyboard; sourceTree = "<group>"; };
		89B34A0B217F6BB300DD0B2E /* Info.plist */ = {isa = PBXFileReference; lastKnownFileType = text.plist.xml; path = Info.plist; sourceTree = "<group>"; };
/* End PBXFileReference section */

/* Begin PBXFrameworksBuildPhase section */
		89164E7E2180F36A0074E4BC /* Frameworks */ = {
			isa = PBXFrameworksBuildPhase;
			buildActionMask = 2147483647;
			files = (
				89164E862180F36A0074E4BC /* UserNotificationsUI.framework in Frameworks */,
				89164E842180F36A0074E4BC /* UserNotifications.framework in Frameworks */,
			);
			runOnlyForDeploymentPostprocessing = 0;
		};
		89B349F9217F6BB200DD0B2E /* Frameworks */ = {
			isa = PBXFrameworksBuildPhase;
			buildActionMask = 2147483647;
			files = (
			);
			runOnlyForDeploymentPostprocessing = 0;
		};
/* End PBXFrameworksBuildPhase section */

/* Begin PBXGroup section */
		89164E822180F36A0074E4BC /* Frameworks */ = {
			isa = PBXGroup;
			children = (
				89164E832180F36A0074E4BC /* UserNotifications.framework */,
				89164E852180F36A0074E4BC /* UserNotificationsUI.framework */,
			);
			name = Frameworks;
			sourceTree = "<group>";
		};
		89164E872180F36A0074E4BC /* VisitNotification */ = {
			isa = PBXGroup;
			children = (
				89164E882180F36A0074E4BC /* NotificationViewController.swift */,
				89164E8A2180F36A0074E4BC /* MainInterface.storyboard */,
				89164E8D2180F36A0074E4BC /* Info.plist */,
			);
			path = VisitNotification;
			sourceTree = "<group>";
		};
		89B349F3217F6BB200DD0B2E = {
			isa = PBXGroup;
			children = (
				89B349FE217F6BB200DD0B2E /* Visit */,
				89164E872180F36A0074E4BC /* VisitNotification */,
				89164E822180F36A0074E4BC /* Frameworks */,
				89B349FD217F6BB200DD0B2E /* Products */,
			);
			sourceTree = "<group>";
		};
		89B349FD217F6BB200DD0B2E /* Products */ = {
			isa = PBXGroup;
			children = (
				89B349FC217F6BB200DD0B2E /* Visit.app */,
				89164E812180F36A0074E4BC /* VisitNotification.appex */,
			);
			name = Products;
			sourceTree = "<group>";
		};
		89B349FE217F6BB200DD0B2E /* Visit */ = {
			isa = PBXGroup;
			children = (
				89B349FF217F6BB200DD0B2E /* AppDelegate.swift */,
				89B34A01217F6BB200DD0B2E /* ViewController.swift */,
				89B34A03217F6BB200DD0B2E /* Main.storyboard */,
				89B34A06217F6BB300DD0B2E /* Assets.xcassets */,
				89B34A08217F6BB300DD0B2E /* LaunchScreen.storyboard */,
				89B34A0B217F6BB300DD0B2E /* Info.plist */,
			);
			path = Visit;
			sourceTree = "<group>";
		};
/* End PBXGroup section */

/* Begin PBXNativeTarget section */
		89164E802180F36A0074E4BC /* VisitNotification */ = {
			isa = PBXNativeTarget;
			buildConfigurationList = 89164E932180F36A0074E4BC /* Build configuration list for PBXNativeTarget "VisitNotification" */;
			buildPhases = (
				89164E7D2180F36A0074E4BC /* Sources */,
				89164E7E2180F36A0074E4BC /* Frameworks */,
				89164E7F2180F36A0074E4BC /* Resources */,
			);
			buildRules = (
			);
			dependencies = (
			);
			name = VisitNotification;
			productName = VisitNotification;
			productReference = 89164E812180F36A0074E4BC /* VisitNotification.appex */;
			productType = "com.apple.product-type.app-extension";
		};
		89B349FB217F6BB200DD0B2E /* Visit */ = {
			isa = PBXNativeTarget;
			buildConfigurationList = 89B34A0E217F6BB300DD0B2E /* Build configuration list for PBXNativeTarget "Visit" */;
			buildPhases = (
				89B349F8217F6BB200DD0B2E /* Sources */,
				89B349F9217F6BB200DD0B2E /* Frameworks */,
				89B349FA217F6BB200DD0B2E /* Resources */,
				89164E942180F36A0074E4BC /* Embed App Extensions */,
			);
			buildRules = (
			);
			dependencies = (
				89164E8F2180F36A0074E4BC /* PBXTargetDependency */,
			);
			name = Visit;
			productName = Visit;
			productReference = 89B349FC217F6BB200DD0B2E /* Visit.app */;
			productType = "com.apple.product-type.application";
		};
/* End PBXNativeTarget section */

/* Begin PBXProject section */
		89B349F4217F6BB200DD0B2E /* Project object */ = {
			isa = PBXProject;
			attributes = {
				LastSwiftUpdateCheck = 1000;
				LastUpgradeCheck = 1000;
				ORGANIZATIONNAME = "Bernd Plontsch";
				TargetAttributes = {
					89164E802180F36A0074E4BC = {
						CreatedOnToolsVersion = 10.0;
					};
					89B349FB217F6BB200DD0B2E = {
						CreatedOnToolsVersion = 10.0;
					};
				};
			};
			buildConfigurationList = 89B349F7217F6BB200DD0B2E /* Build configuration list for PBXProject "Visit" */;
			compatibilityVersion = "Xcode 9.3";
			developmentRegion = en;
			hasScannedForEncodings = 0;
			knownRegions = (
				en,
				Base,
			);
			mainGroup = 89B349F3217F6BB200DD0B2E;
			productRefGroup = 89B349FD217F6BB200DD0B2E /* Products */;
			projectDirPath = "";
			projectRoot = "";
			targets = (
				89B349FB217F6BB200DD0B2E /* Visit */,
				89164E802180F36A0074E4BC /* VisitNotification */,
			);
		};
/* End PBXProject section */

/* Begin PBXResourcesBuildPhase section */
		89164E7F2180F36A0074E4BC /* Resources */ = {
			isa = PBXResourcesBuildPhase;
			buildActionMask = 2147483647;
			files = (
				89164E8C2180F36A0074E4BC /* MainInterface.storyboard in Resources */,
			);
			runOnlyForDeploymentPostprocessing = 0;
		};
		89B349FA217F6BB200DD0B2E /* Resources */ = {
			isa = PBXResourcesBuildPhase;
			buildActionMask = 2147483647;
			files = (
				89B34A0A217F6BB300DD0B2E /* LaunchScreen.storyboard in Resources */,
				89B34A07217F6BB300DD0B2E /* Assets.xcassets in Resources */,
				89B34A05217F6BB200DD0B2E /* Main.storyboard in Resources */,
			);
			runOnlyForDeploymentPostprocessing = 0;
		};
/* End PBXResourcesBuildPhase section */

/* Begin PBXSourcesBuildPhase section */
		89164E7D2180F36A0074E4BC /* Sources */ = {
			isa = PBXSourcesBuildPhase;
			buildActionMask = 2147483647;
			files = (
				89164E892180F36A0074E4BC /* NotificationViewController.swift in Sources */,
			);
			runOnlyForDeploymentPostprocessing = 0;
		};
		89B349F8217F6BB200DD0B2E /* Sources */ = {
			isa = PBXSourcesBuildPhase;
			buildActionMask = 2147483647;
			files = (
				89B34A02217F6BB200DD0B2E /* ViewController.swift in Sources */,
				89B34A00217F6BB200DD0B2E /* AppDelegate.swift in Sources */,
			);
			runOnlyForDeploymentPostprocessing = 0;
		};
/* End PBXSourcesBuildPhase section */

/* Begin PBXTargetDependency section */
		89164E8F2180F36A0074E4BC /* PBXTargetDependency */ = {
			isa = PBXTargetDependency;
			target = 89164E802180F36A0074E4BC /* VisitNotification */;
			targetProxy = 89164E8E2180F36A0074E4BC /* PBXContainerItemProxy */;
		};
/* End PBXTargetDependency section */

/* Begin PBXVariantGroup section */
		89164E8A2180F36A0074E4BC /* MainInterface.storyboard */ = {
			isa = PBXVariantGroup;
			children = (
				89164E8B2180F36A0074E4BC /* Base */,
			);
			name = MainInterface.storyboard;
			sourceTree = "<group>";
		};
		89B34A03217F6BB200DD0B2E /* Main.storyboard */ = {
			isa = PBXVariantGroup;
			children = (
				89B34A04217F6BB200DD0B2E /* Base */,
			);
			name = Main.storyboard;
			sourceTree = "<group>";
		};
		89B34A08217F6BB300DD0B2E /* LaunchScreen.storyboard */ = {
			isa = PBXVariantGroup;
			children = (
				89B34A09217F6BB300DD0B2E /* Base */,
			);
			name = LaunchScreen.storyboard;
			sourceTree = "<group>";
		};
/* End PBXVariantGroup section */

/* Begin XCBuildConfiguration section */
		89164E912180F36A0074E4BC /* Debug */ = {
			isa = XCBuildConfiguration;
			buildSettings = {
				CODE_SIGN_STYLE = Automatic;
				DEVELOPMENT_TEAM = DNKZNVGEK5;
				INFOPLIST_FILE = VisitNotification/Info.plist;
				LD_RUNPATH_SEARCH_PATHS = (
					"$(inherited)",
					"@executable_path/Frameworks",
					"@executable_path/../../Frameworks",
				);
				PRODUCT_BUNDLE_IDENTIFIER = de.plontsch.Visit.VisitNotification;
				PRODUCT_NAME = "$(TARGET_NAME)";
				SKIP_INSTALL = YES;
				SWIFT_VERSION = 4.2;
				TARGETED_DEVICE_FAMILY = "1,2";
			};
			name = Debug;
		};
		89164E922180F36A0074E4BC /* Release */ = {
			isa = XCBuildConfiguration;
			buildSettings = {
				CODE_SIGN_STYLE = Automatic;
				DEVELOPMENT_TEAM = DNKZNVGEK5;
				INFOPLIST_FILE = VisitNotification/Info.plist;
				LD_RUNPATH_SEARCH_PATHS = (
					"$(inherited)",
					"@executable_path/Frameworks",
					"@executable_path/../../Frameworks",
				);
				PRODUCT_BUNDLE_IDENTIFIER = de.plontsch.Visit.VisitNotification;
				PRODUCT_NAME = "$(TARGET_NAME)";
				SKIP_INSTALL = YES;
				SWIFT_VERSION = 4.2;
				TARGETED_DEVICE_FAMILY = "1,2";
			};
			name = Release;
		};
		89B34A0C217F6BB300DD0B2E /* Debug */ = {
			isa = XCBuildConfiguration;
			buildSettings = {
				ALWAYS_SEARCH_USER_PATHS = NO;
				CLANG_ANALYZER_NONNULL = YES;
				CLANG_ANALYZER_NUMBER_OBJECT_CONVERSION = YES_AGGRESSIVE;
				CLANG_CXX_LANGUAGE_STANDARD = "gnu++14";
				CLANG_CXX_LIBRARY = "libc++";
				CLANG_ENABLE_MODULES = YES;
				CLANG_ENABLE_OBJC_ARC = YES;
				CLANG_ENABLE_OBJC_WEAK = YES;
				CLANG_WARN_BLOCK_CAPTURE_AUTORELEASING = YES;
				CLANG_WARN_BOOL_CONVERSION = YES;
				CLANG_WARN_COMMA = YES;
				CLANG_WARN_CONSTANT_CONVERSION = YES;
				CLANG_WARN_DEPRECATED_OBJC_IMPLEMENTATIONS = YES;
				CLANG_WARN_DIRECT_OBJC_ISA_USAGE = YES_ERROR;
				CLANG_WARN_DOCUMENTATION_COMMENTS = YES;
				CLANG_WARN_EMPTY_BODY = YES;
				CLANG_WARN_ENUM_CONVERSION = YES;
				CLANG_WARN_INFINITE_RECURSION = YES;
				CLANG_WARN_INT_CONVERSION = YES;
				CLANG_WARN_NON_LITERAL_NULL_CONVERSION = YES;
				CLANG_WARN_OBJC_IMPLICIT_RETAIN_SELF = YES;
				CLANG_WARN_OBJC_LITERAL_CONVERSION = YES;
				CLANG_WARN_OBJC_ROOT_CLASS = YES_ERROR;
				CLANG_WARN_RANGE_LOOP_ANALYSIS = YES;
				CLANG_WARN_STRICT_PROTOTYPES = YES;
				CLANG_WARN_SUSPICIOUS_MOVE = YES;
				CLANG_WARN_UNGUARDED_AVAILABILITY = YES_AGGRESSIVE;
				CLANG_WARN_UNREACHABLE_CODE = YES;
				CLANG_WARN__DUPLICATE_METHOD_MATCH = YES;
				CODE_SIGN_IDENTITY = "iPhone Developer";
				COPY_PHASE_STRIP = NO;
				DEBUG_INFORMATION_FORMAT = dwarf;
				ENABLE_STRICT_OBJC_MSGSEND = YES;
				ENABLE_TESTABILITY = YES;
				GCC_C_LANGUAGE_STANDARD = gnu11;
				GCC_DYNAMIC_NO_PIC = NO;
				GCC_NO_COMMON_BLOCKS = YES;
				GCC_OPTIMIZATION_LEVEL = 0;
				GCC_PREPROCESSOR_DEFINITIONS = (
					"DEBUG=1",
					"$(inherited)",
				);
				GCC_WARN_64_TO_32_BIT_CONVERSION = YES;
				GCC_WARN_ABOUT_RETURN_TYPE = YES_ERROR;
				GCC_WARN_UNDECLARED_SELECTOR = YES;
				GCC_WARN_UNINITIALIZED_AUTOS = YES_AGGRESSIVE;
				GCC_WARN_UNUSED_FUNCTION = YES;
				GCC_WARN_UNUSED_VARIABLE = YES;
				IPHONEOS_DEPLOYMENT_TARGET = 12.0;
				MTL_ENABLE_DEBUG_INFO = INCLUDE_SOURCE;
				MTL_FAST_MATH = YES;
				ONLY_ACTIVE_ARCH = YES;
				SDKROOT = iphoneos;
				SWIFT_ACTIVE_COMPILATION_CONDITIONS = DEBUG;
				SWIFT_OPTIMIZATION_LEVEL = "-Onone";
			};
			name = Debug;
		};
		89B34A0D217F6BB300DD0B2E /* Release */ = {
			isa = XCBuildConfiguration;
			buildSettings = {
				ALWAYS_SEARCH_USER_PATHS = NO;
				CLANG_ANALYZER_NONNULL = YES;
				CLANG_ANALYZER_NUMBER_OBJECT_CONVERSION = YES_AGGRESSIVE;
				CLANG_CXX_LANGUAGE_STANDARD = "gnu++14";
				CLANG_CXX_LIBRARY = "libc++";
				CLANG_ENABLE_MODULES = YES;
				CLANG_ENABLE_OBJC_ARC = YES;
				CLANG_ENABLE_OBJC_WEAK = YES;
				CLANG_WARN_BLOCK_CAPTURE_AUTORELEASING = YES;
				CLANG_WARN_BOOL_CONVERSION = YES;
				CLANG_WARN_COMMA = YES;
				CLANG_WARN_CONSTANT_CONVERSION = YES;
				CLANG_WARN_DEPRECATED_OBJC_IMPLEMENTATIONS = YES;
				CLANG_WARN_DIRECT_OBJC_ISA_USAGE = YES_ERROR;
				CLANG_WARN_DOCUMENTATION_COMMENTS = YES;
				CLANG_WARN_EMPTY_BODY = YES;
				CLANG_WARN_ENUM_CONVERSION = YES;
				CLANG_WARN_INFINITE_RECURSION = YES;
				CLANG_WARN_INT_CONVERSION = YES;
				CLANG_WARN_NON_LITERAL_NULL_CONVERSION = YES;
				CLANG_WARN_OBJC_IMPLICIT_RETAIN_SELF = YES;
				CLANG_WARN_OBJC_LITERAL_CONVERSION = YES;
				CLANG_WARN_OBJC_ROOT_CLASS = YES_ERROR;
				CLANG_WARN_RANGE_LOOP_ANALYSIS = YES;
				CLANG_WARN_STRICT_PROTOTYPES = YES;
				CLANG_WARN_SUSPICIOUS_MOVE = YES;
				CLANG_WARN_UNGUARDED_AVAILABILITY = YES_AGGRESSIVE;
				CLANG_WARN_UNREACHABLE_CODE = YES;
				CLANG_WARN__DUPLICATE_METHOD_MATCH = YES;
				CODE_SIGN_IDENTITY = "iPhone Developer";
				COPY_PHASE_STRIP = NO;
				DEBUG_INFORMATION_FORMAT = "dwarf-with-dsym";
				ENABLE_NS_ASSERTIONS = NO;
				ENABLE_STRICT_OBJC_MSGSEND = YES;
				GCC_C_LANGUAGE_STANDARD = gnu11;
				GCC_NO_COMMON_BLOCKS = YES;
				GCC_WARN_64_TO_32_BIT_CONVERSION = YES;
				GCC_WARN_ABOUT_RETURN_TYPE = YES_ERROR;
				GCC_WARN_UNDECLARED_SELECTOR = YES;
				GCC_WARN_UNINITIALIZED_AUTOS = YES_AGGRESSIVE;
				GCC_WARN_UNUSED_FUNCTION = YES;
				GCC_WARN_UNUSED_VARIABLE = YES;
				IPHONEOS_DEPLOYMENT_TARGET = 12.0;
				MTL_ENABLE_DEBUG_INFO = NO;
				MTL_FAST_MATH = YES;
				SDKROOT = iphoneos;
				SWIFT_COMPILATION_MODE = wholemodule;
				SWIFT_OPTIMIZATION_LEVEL = "-O";
				VALIDATE_PRODUCT = YES;
			};
			name = Release;
		};
		89B34A0F217F6BB300DD0B2E /* Debug */ = {
			isa = XCBuildConfiguration;
			buildSettings = {
				ALWAYS_EMBED_SWIFT_STANDARD_LIBRARIES = YES;
				ASSETCATALOG_COMPILER_APPICON_NAME = AppIcon;
				CODE_SIGN_STYLE = Automatic;
				DEVELOPMENT_TEAM = DNKZNVGEK5;
				INFOPLIST_FILE = Visit/Info.plist;
				LD_RUNPATH_SEARCH_PATHS = (
					"$(inherited)",
					"@executable_path/Frameworks",
				);
				PRODUCT_BUNDLE_IDENTIFIER = de.plontsch.Visit;
				PRODUCT_NAME = "$(TARGET_NAME)";
				SWIFT_VERSION = 4.2;
				TARGETED_DEVICE_FAMILY = "1,2";
			};
			name = Debug;
		};
		89B34A10217F6BB300DD0B2E /* Release */ = {
			isa = XCBuildConfiguration;
			buildSettings = {
				ALWAYS_EMBED_SWIFT_STANDARD_LIBRARIES = YES;
				ASSETCATALOG_COMPILER_APPICON_NAME = AppIcon;
				CODE_SIGN_STYLE = Automatic;
				DEVELOPMENT_TEAM = DNKZNVGEK5;
				INFOPLIST_FILE = Visit/Info.plist;
				LD_RUNPATH_SEARCH_PATHS = (
					"$(inherited)",
					"@executable_path/Frameworks",
				);
				PRODUCT_BUNDLE_IDENTIFIER = de.plontsch.Visit;
				PRODUCT_NAME = "$(TARGET_NAME)";
				SWIFT_VERSION = 4.2;
				TARGETED_DEVICE_FAMILY = "1,2";
			};
			name = Release;
		};
/* End XCBuildConfiguration section */

/* Begin XCConfigurationList section */
		89164E932180F36A0074E4BC /* Build configuration list for PBXNativeTarget "VisitNotification" */ = {
			isa = XCConfigurationList;
			buildConfigurations = (
				89164E912180F36A0074E4BC /* Debug */,
				89164E922180F36A0074E4BC /* Release */,
			);
			defaultConfigurationIsVisible = 0;
			defaultConfigurationName = Release;
		};
		89B349F7217F6BB200DD0B2E /* Build configuration list for PBXProject "Visit" */ = {
			isa = XCConfigurationList;
			buildConfigurations = (
				89B34A0C217F6BB300DD0B2E /* Debug */,
				89B34A0D217F6BB300DD0B2E /* Release */,
			);
			defaultConfigurationIsVisible = 0;
			defaultConfigurationName = Release;
		};
		89B34A0E217F6BB300DD0B2E /* Build configuration list for PBXNativeTarget "Visit" */ = {
			isa = XCConfigurationList;
			buildConfigurations = (
				89B34A0F217F6BB300DD0B2E /* Debug */,
				89B34A10217F6BB300DD0B2E /* Release */,
			);
			defaultConfigurationIsVisible = 0;
			defaultConfigurationName = Release;
		};
/* End XCConfigurationList section */
	};
	rootObject = 89B349F4217F6BB200DD0B2E /* Project object */;
}
